// !$*UTF8*$!
{
	archiveVersion = 1;
	classes = {
	};
	objectVersion = 46;
	objects = {

/* Begin PBXBuildFile section */
		0C07FC0C1CF78A9400646FA3 /* ArrayEv.cpp in Sources */ = {isa = PBXBuildFile; fileRef = 0C07FC0A1CF78A9400646FA3 /* ArrayEv.cpp */; };
		0C8E72571CF3A6D80087EAFE /* main.cpp in Sources */ = {isa = PBXBuildFile; fileRef = 0C8E72561CF3A6D80087EAFE /* main.cpp */; };
		0C8E72601CF3A7C80087EAFE /* pointer.cpp in Sources */ = {isa = PBXBuildFile; fileRef = 0C8E725E1CF3A7C80087EAFE /* pointer.cpp */; };
/* End PBXBuildFile section */

/* Begin PBXCopyFilesBuildPhase section */
		0C8E72511CF3A6D80087EAFE /* CopyFiles */ = {
			isa = PBXCopyFilesBuildPhase;
			buildActionMask = 2147483647;
			dstPath = /usr/share/man/man1/;
			dstSubfolderSpec = 0;
			files = (
			);
			runOnlyForDeploymentPostprocessing = 1;
		};
/* End PBXCopyFilesBuildPhase section */

/* Begin PBXFileReference section */
		0C07FC0A1CF78A9400646FA3 /* ArrayEv.cpp */ = {isa = PBXFileReference; fileEncoding = 4; lastKnownFileType = sourcecode.cpp.cpp; path = ArrayEv.cpp; sourceTree = "<group>"; };
		0C07FC0D1CF78ADA00646FA3 /* ArrayEv.h */ = {isa = PBXFileReference; lastKnownFileType = sourcecode.c.h; name = ArrayEv.h; path = ../ArrayEv.h; sourceTree = "<group>"; };
		0C8E72531CF3A6D80087EAFE /* PointerStack */ = {isa = PBXFileReference; explicitFileType = "compiled.mach-o.executable"; includeInIndex = 0; path = PointerStack; sourceTree = BUILT_PRODUCTS_DIR; };
		0C8E72561CF3A6D80087EAFE /* main.cpp */ = {isa = PBXFileReference; lastKnownFileType = sourcecode.cpp.cpp; path = main.cpp; sourceTree = "<group>"; };
		0C8E725E1CF3A7C80087EAFE /* pointer.cpp */ = {isa = PBXFileReference; fileEncoding = 4; lastKnownFileType = sourcecode.cpp.cpp; path = pointer.cpp; sourceTree = "<group>"; };
		0C8E72611CF3A8070087EAFE /* pointer.h */ = {isa = PBXFileReference; lastKnownFileType = sourcecode.c.h; path = pointer.h; sourceTree = "<group>"; };
/* End PBXFileReference section */

/* Begin PBXFrameworksBuildPhase section */
		0C8E72501CF3A6D80087EAFE /* Frameworks */ = {
			isa = PBXFrameworksBuildPhase;
			buildActionMask = 2147483647;
			files = (
			);
			runOnlyForDeploymentPostprocessing = 0;
		};
/* End PBXFrameworksBuildPhase section */

/* Begin PBXGroup section */
		0C8E724A1CF3A6D80087EAFE = {
			isa = PBXGroup;
			children = (
				0C8E72551CF3A6D80087EAFE /* PointerStack */,
				0C8E72541CF3A6D80087EAFE /* Products */,
			);
			sourceTree = "<group>";
		};
		0C8E72541CF3A6D80087EAFE /* Products */ = {
			isa = PBXGroup;
			children = (
				0C8E72531CF3A6D80087EAFE /* PointerStack */,
			);
			name = Products;
			sourceTree = "<group>";
		};
		0C8E72551CF3A6D80087EAFE /* PointerStack */ = {
			isa = PBXGroup;
			children = (
				0C8E72561CF3A6D80087EAFE /* main.cpp */,
				0C07FC0A1CF78A9400646FA3 /* ArrayEv.cpp */,
				0C07FC0D1CF78ADA00646FA3 /* ArrayEv.h */,
				0C8E725E1CF3A7C80087EAFE /* pointer.cpp */,
				0C8E72611CF3A8070087EAFE /* pointer.h */,
			);
			path = PointerStack;
			sourceTree = "<group>";
		};
/* End PBXGroup section */

/* Begin PBXNativeTarget section */
		0C8E72521CF3A6D80087EAFE /* PointerStack */ = {
			isa = PBXNativeTarget;
			buildConfigurationList = 0C8E725A1CF3A6D80087EAFE /* Build configuration list for PBXNativeTarget "PointerStack" */;
			buildPhases = (
				0C8E724F1CF3A6D80087EAFE /* Sources */,
				0C8E72501CF3A6D80087EAFE /* Frameworks */,
				0C8E72511CF3A6D80087EAFE /* CopyFiles */,
			);
			buildRules = (
			);
			dependencies = (
			);
			name = PointerStack;
			productName = PointerStack;
			productReference = 0C8E72531CF3A6D80087EAFE /* PointerStack */;
			productType = "com.apple.product-type.tool";
		};
/* End PBXNativeTarget section */

/* Begin PBXProject section */
		0C8E724B1CF3A6D80087EAFE /* Project object */ = {
			isa = PBXProject;
			attributes = {
				LastUpgradeCheck = 0710;
				ORGANIZATIONNAME = "Stephanie Marin Velasquez";
				TargetAttributes = {
					0C8E72521CF3A6D80087EAFE = {
						CreatedOnToolsVersion = 7.1.1;
					};
				};
			};
			buildConfigurationList = 0C8E724E1CF3A6D80087EAFE /* Build configuration list for PBXProject "PointerStack" */;
			compatibilityVersion = "Xcode 3.2";
			developmentRegion = English;
			hasScannedForEncodings = 0;
			knownRegions = (
				en,
			);
			mainGroup = 0C8E724A1CF3A6D80087EAFE;
			productRefGroup = 0C8E72541CF3A6D80087EAFE /* Products */;
			projectDirPath = "";
			projectRoot = "";
			targets = (
				0C8E72521CF3A6D80087EAFE /* PointerStack */,
			);
		};
/* End PBXProject section */

/* Begin PBXSourcesBuildPhase section */
		0C8E724F1CF3A6D80087EAFE /* Sources */ = {
			isa = PBXSourcesBuildPhase;
			buildActionMask = 2147483647;
			files = (
				0C07FC0C1CF78A9400646FA3 /* ArrayEv.cpp in Sources */,
				0C8E72571CF3A6D80087EAFE /* main.cpp in Sources */,
				0C8E72601CF3A7C80087EAFE /* pointer.cpp in Sources */,
			);
			runOnlyForDeploymentPostprocessing = 0;
		};
/* End PBXSourcesBuildPhase section */

/* Begin XCBuildConfiguration section */
		0C8E72581CF3A6D80087EAFE /* Debug */ = {
			isa = XCBuildConfiguration;
			buildSettings = {
				ALWAYS_SEARCH_USER_PATHS = NO;
				CLANG_CXX_LANGUAGE_STANDARD = "gnu++0x";
				CLANG_CXX_LIBRARY = "libc++";
				CLANG_ENABLE_MODULES = YES;
				CLANG_ENABLE_OBJC_ARC = YES;
				CLANG_WARN_BOOL_CONVERSION = YES;
				CLANG_WARN_CONSTANT_CONVERSION = YES;
				CLANG_WARN_DIRECT_OBJC_ISA_USAGE = YES_ERROR;
				CLANG_WARN_EMPTY_BODY = YES;
				CLANG_WARN_ENUM_CONVERSION = YES;
				CLANG_WARN_INT_CONVERSION = YES;
				CLANG_WARN_OBJC_ROOT_CLASS = YES_ERROR;
				CLANG_WARN_UNREACHABLE_CODE = YES;
				CLANG_WARN__DUPLICATE_METHOD_MATCH = YES;
				CODE_SIGN_IDENTITY = "-";
				COPY_PHASE_STRIP = NO;
				DEBUG_INFORMATION_FORMAT = dwarf;
				ENABLE_STRICT_OBJC_MSGSEND = YES;
				ENABLE_TESTABILITY = YES;
				GCC_C_LANGUAGE_STANDARD = gnu99;
				GCC_DYNAMIC_NO_PIC = NO;
				GCC_NO_COMMON_BLOCKS = YES;
				GCC_OPTIMIZATION_LEVEL = 0;
				GCC_PREPROCESSOR_DEFINITIONS = (
					"DEBUG=1",
					"$(inherited)",
				);
				GCC_WARN_64_TO_32_BIT_CONVERSION = YES;
				GCC_WARN_ABOUT_RETURN_TYPE = YES_ERROR;
				GCC_WARN_UNDECLARED_SELECTOR = YES;
				GCC_WARN_UNINITIALIZED_AUTOS = YES_AGGRESSIVE;
				GCC_WARN_UNUSED_FUNCTION = YES;
				GCC_WARN_UNUSED_VARIABLE = YES;
				MACOSX_DEPLOYMENT_TARGET = 10.10;
				MTL_ENABLE_DEBUG_INFO = YES;
				ONLY_ACTIVE_ARCH = YES;
				SDKROOT = macosx;
			};
			name = Debug;
		};
		0C8E72591CF3A6D80087EAFE /* Release */ = {
			isa = XCBuildConfiguration;
			buildSettings = {
				ALWAYS_SEARCH_USER_PATHS = NO;
				CLANG_CXX_LANGUAGE_STANDARD = "gnu++0x";
				CLANG_CXX_LIBRARY = "libc++";
				CLANG_ENABLE_MODULES = YES;
				CLANG_ENABLE_OBJC_ARC = YES;
				CLANG_WARN_BOOL_CONVERSION = YES;
				CLANG_WARN_CONSTANT_CONVERSION = YES;
				CLANG_WARN_DIRECT_OBJC_ISA_USAGE = YES_ERROR;
				CLANG_WARN_EMPTY_BODY = YES;
				CLANG_WARN_ENUM_CONVERSION = YES;
				CLANG_WARN_INT_CONVERSION = YES;
				CLANG_WARN_OBJC_ROOT_CLASS = YES_ERROR;
				CLANG_WARN_UNREACHABLE_CODE = YES;
				CLANG_WARN__DUPLICATE_METHOD_MATCH = YES;
				CODE_SIGN_IDENTITY = "-";
				COPY_PHASE_STRIP = NO;
				DEBUG_INFORMATION_FORMAT = "dwarf-with-dsym";
				ENABLE_NS_ASSERTIONS = NO;
				ENABLE_STRICT_OBJC_MSGSEND = YES;
				GCC_C_LANGUAGE_STANDARD = gnu99;
				GCC_NO_COMMON_BLOCKS = YES;
				GCC_WARN_64_TO_32_BIT_CONVERSION = YES;
				GCC_WARN_ABOUT_RETURN_TYPE = YES_ERROR;
				GCC_WARN_UNDECLARED_SELECTOR = YES;
				GCC_WARN_UNINITIALIZED_AUTOS = YES_AGGRESSIVE;
				GCC_WARN_UNUSED_FUNCTION = YES;
				GCC_WARN_UNUSED_VARIABLE = YES;
				MACOSX_DEPLOYMENT_TARGET = 10.10;
				MTL_ENABLE_DEBUG_INFO = NO;
				SDKROOT = macosx;
			};
			name = Release;
		};
		0C8E725B1CF3A6D80087EAFE /* Debug */ = {
			isa = XCBuildConfiguration;
			buildSettings = {
				PRODUCT_NAME = "$(TARGET_NAME)";
			};
			name = Debug;
		};
		0C8E725C1CF3A6D80087EAFE /* Release */ = {
			isa = XCBuildConfiguration;
			buildSettings = {
				PRODUCT_NAME = "$(TARGET_NAME)";
			};
			name = Release;
		};
/* End XCBuildConfiguration section */

/* Begin XCConfigurationList section */
		0C8E724E1CF3A6D80087EAFE /* Build configuration list for PBXProject "PointerStack" */ = {
			isa = XCConfigurationList;
			buildConfigurations = (
				0C8E72581CF3A6D80087EAFE /* Debug */,
				0C8E72591CF3A6D80087EAFE /* Release */,
			);
			defaultConfigurationIsVisible = 0;
			defaultConfigurationName = Release;
		};
		0C8E725A1CF3A6D80087EAFE /* Build configuration list for PBXNativeTarget "PointerStack" */ = {
			isa = XCConfigurationList;
			buildConfigurations = (
				0C8E725B1CF3A6D80087EAFE /* Debug */,
				0C8E725C1CF3A6D80087EAFE /* Release */,
			);
			defaultConfigurationIsVisible = 0;
			defaultConfigurationName = Release;
		};
/* End XCConfigurationList section */
	};
	rootObject = 0C8E724B1CF3A6D80087EAFE /* Project object */;
}
